
Microsoft Visual Studio Solution File, Format Version 12.00
# Visual Studio Version 16
VisualStudioVersion = 16.0.30128.74
MinimumVisualStudioVersion = 10.0.40219.1
Project("{FAE04EC0-301F-11D3-BF4B-00C04F79EFBC}") = "CanvasBoardUI", "CanvasBoardUI\CanvasBoardUI.csproj", "{B7A01B77-846E-4AC8-A178-041852802585}"
EndProject
Global
	GlobalSection(SolutionConfigurationPlatforms) = preSolution
		Debug|Any CPU = Debug|Any CPU
		Release|Any CPU = Release|Any CPU
	EndGlobalSection
	GlobalSection(ProjectConfigurationPlatforms) = postSolution
		{B7A01B77-846E-4AC8-A178-041852802585}.Debug|Any CPU.ActiveCfg = Debug|Any CPU
		{B7A01B77-846E-4AC8-A178-041852802585}.Debug|Any CPU.Build.0 = Debug|Any CPU
		{B7A01B77-846E-4AC8-A178-041852802585}.Release|Any CPU.ActiveCfg = Release|Any CPU
		{B7A01B77-846E-4AC8-A178-041852802585}.Release|Any CPU.Build.0 = Release|Any CPU
	EndGlobalSection
	GlobalSection(SolutionProperties) = preSolution
		HideSolutionNode = FALSE
	EndGlobalSection
	GlobalSection(ExtensibilityGlobals) = postSolution
		SolutionGuid = {91DF929B-B19B-4497-AF35-8E7B21A92450}
	EndGlobalSection
EndGlobal
